<Solution>
  <Folder Name="/Examples/">
    <Project Path="Examples/WelcomePlugin/WelcomePlugin.csproj" />
  </Folder>
  <Folder Name="/SourceGenerators/">
    <Project Path="SourceGenerators/CCB.AstGenerator/CCB.AstGenerator.csproj" />
  </Folder>
  <Project Path="CCB.Generator/CCB.Generator.csproj" />
  <Project Path="CCB.Syntax/CCB.Syntax.csproj" />
  <Project Path="CCB.Generator.CLI/CCB.Generator.CLI.csproj" />
  <Project Path="CCB/CCB.csproj" />
</Solution>